
Microsoft Visual Studio Solution File, Format Version 12.00
# Visual Studio 15
Project("{FAE04EC0-301F-11D3-BF4B-00C04F79EFBC}") = "Assembly-CSharp", "Assembly-CSharp.csproj", "{1D08E96C-D014-14BB-6049-8D038BAF2138}"
EndProject
Project("{FAE04EC0-301F-11D3-BF4B-00C04F79EFBC}") = "Assembly-CSharp-Editor", "Assembly-CSharp-Editor.csproj", "{3C10A8ED-4FE2-1DD5-DC43-F521A1D6959E}"
EndProject
Project("{2150E333-8FDC-42A3-9474-1A3956D46DE8}") = "Solution Items", "Solution Items", "{9B09337A-1F34-4739-924D-8A943C16B36D}"
	ProjectSection(SolutionItems) = preProject
		.editorconfig = .editorconfig
	EndProjectSection
EndProject
Global
	GlobalSection(SolutionConfigurationPlatforms) = preSolution
		Debug|Any CPU = Debug|Any CPU
		Release|Any CPU = Release|Any CPU
	EndGlobalSection
	GlobalSection(ProjectConfigurationPlatforms) = postSolution
		{1D08E96C-D014-14BB-6049-8D038BAF2138}.Debug|Any CPU.ActiveCfg = Debug|Any CPU
		{1D08E96C-D014-14BB-6049-8D038BAF2138}.Debug|Any CPU.Build.0 = Debug|Any CPU
		{1D08E96C-D014-14BB-6049-8D038BAF2138}.Release|Any CPU.ActiveCfg = Release|Any CPU
		{1D08E96C-D014-14BB-6049-8D038BAF2138}.Release|Any CPU.Build.0 = Release|Any CPU
		{3C10A8ED-4FE2-1DD5-DC43-F521A1D6959E}.Debug|Any CPU.ActiveCfg = Debug|Any CPU
		{3C10A8ED-4FE2-1DD5-DC43-F521A1D6959E}.Debug|Any CPU.Build.0 = Debug|Any CPU
		{3C10A8ED-4FE2-1DD5-DC43-F521A1D6959E}.Release|Any CPU.ActiveCfg = Release|Any CPU
		{3C10A8ED-4FE2-1DD5-DC43-F521A1D6959E}.Release|Any CPU.Build.0 = Release|Any CPU
	EndGlobalSection
	GlobalSection(SolutionProperties) = preSolution
		HideSolutionNode = FALSE
	EndGlobalSection
EndGlobal
